// !$*UTF8*$!
{
	archiveVersion = 1;
	classes = {
	};
	objectVersion = 55;
	objects = {

/* Begin PBXBuildFile section */
		A0B0E47E28A88F4F00C36CD8 /* rokit_standby_refresherApp.swift in Sources */ = {isa = PBXBuildFile; fileRef = A0B0E47D28A88F4F00C36CD8 /* rokit_standby_refresherApp.swift */; };
		A0B0E48028A88F4F00C36CD8 /* ContentView.swift in Sources */ = {isa = PBXBuildFile; fileRef = A0B0E47F28A88F4F00C36CD8 /* ContentView.swift */; };
		A0B0E48228A88F5100C36CD8 /* Assets.xcassets in Resources */ = {isa = PBXBuildFile; fileRef = A0B0E48128A88F5100C36CD8 /* Assets.xcassets */; };
		A0B0E48528A88F5100C36CD8 /* Preview Assets.xcassets in Resources */ = {isa = PBXBuildFile; fileRef = A0B0E48428A88F5100C36CD8 /* Preview Assets.xcassets */; };
/* End PBXBuildFile section */

/* Begin PBXContainerItemProxy section */
		A0B0E48C28A88F5100C36CD8 /* PBXContainerItemProxy */ = {
			isa = PBXContainerItemProxy;
			containerPortal = A0B0E47228A88F4F00C36CD8 /* Project object */;
			proxyType = 1;
			remoteGlobalIDString = A0B0E47928A88F4F00C36CD8;
			remoteInfo = "rokit-standby-refresher";
		};
		A0B0E49628A88F5100C36CD8 /* PBXContainerItemProxy */ = {
			isa = PBXContainerItemProxy;
			containerPortal = A0B0E47228A88F4F00C36CD8 /* Project object */;
			proxyType = 1;
			remoteGlobalIDString = A0B0E47928A88F4F00C36CD8;
			remoteInfo = "rokit-standby-refresher";
		};
/* End PBXContainerItemProxy section */

/* Begin PBXFileReference section */
		A0B0E47A28A88F4F00C36CD8 /* rokit-standby-refresher.app */ = {isa = PBXFileReference; explicitFileType = wrapper.application; includeInIndex = 0; path = "rokit-standby-refresher.app"; sourceTree = BUILT_PRODUCTS_DIR; };
		A0B0E47D28A88F4F00C36CD8 /* rokit_standby_refresherApp.swift */ = {isa = PBXFileReference; lastKnownFileType = sourcecode.swift; path = rokit_standby_refresherApp.swift; sourceTree = "<group>"; };
		A0B0E47F28A88F4F00C36CD8 /* ContentView.swift */ = {isa = PBXFileReference; lastKnownFileType = sourcecode.swift; path = ContentView.swift; sourceTree = "<group>"; };
		A0B0E48128A88F5100C36CD8 /* Assets.xcassets */ = {isa = PBXFileReference; lastKnownFileType = folder.assetcatalog; path = Assets.xcassets; sourceTree = "<group>"; };
		A0B0E48428A88F5100C36CD8 /* Preview Assets.xcassets */ = {isa = PBXFileReference; lastKnownFileType = folder.assetcatalog; path = "Preview Assets.xcassets"; sourceTree = "<group>"; };
		A0B0E48628A88F5100C36CD8 /* rokit_standby_refresher.entitlements */ = {isa = PBXFileReference; lastKnownFileType = text.plist.entitlements; path = rokit_standby_refresher.entitlements; sourceTree = "<group>"; };
		A0B0E48B28A88F5100C36CD8 /* rokit-standby-refresherTests.xctest */ = {isa = PBXFileReference; explicitFileType = wrapper.cfbundle; includeInIndex = 0; path = "rokit-standby-refresherTests.xctest"; sourceTree = BUILT_PRODUCTS_DIR; };
		A0B0E49528A88F5100C36CD8 /* rokit-standby-refresherUITests.xctest */ = {isa = PBXFileReference; explicitFileType = wrapper.cfbundle; includeInIndex = 0; path = "rokit-standby-refresherUITests.xctest"; sourceTree = BUILT_PRODUCTS_DIR; };
/* End PBXFileReference section */

/* Begin PBXFrameworksBuildPhase section */
		A0B0E47728A88F4F00C36CD8 /* Frameworks */ = {
			isa = PBXFrameworksBuildPhase;
			buildActionMask = 2147483647;
			files = (
			);
			runOnlyForDeploymentPostprocessing = 0;
		};
		A0B0E48828A88F5100C36CD8 /* Frameworks */ = {
			isa = PBXFrameworksBuildPhase;
			buildActionMask = 2147483647;
			files = (
			);
			runOnlyForDeploymentPostprocessing = 0;
		};
		A0B0E49228A88F5100C36CD8 /* Frameworks */ = {
			isa = PBXFrameworksBuildPhase;
			buildActionMask = 2147483647;
			files = (
			);
			runOnlyForDeploymentPostprocessing = 0;
		};
/* End PBXFrameworksBuildPhase section */

/* Begin PBXGroup section */
		A0B0E47128A88F4F00C36CD8 = {
			isa = PBXGroup;
			children = (
				A0B0E47C28A88F4F00C36CD8 /* rokit-standby-refresher */,
				A0B0E47B28A88F4F00C36CD8 /* Products */,
			);
			sourceTree = "<group>";
		};
		A0B0E47B28A88F4F00C36CD8 /* Products */ = {
			isa = PBXGroup;
			children = (
				A0B0E47A28A88F4F00C36CD8 /* rokit-standby-refresher.app */,
				A0B0E48B28A88F5100C36CD8 /* rokit-standby-refresherTests.xctest */,
				A0B0E49528A88F5100C36CD8 /* rokit-standby-refresherUITests.xctest */,
			);
			name = Products;
			sourceTree = "<group>";
		};
		A0B0E47C28A88F4F00C36CD8 /* rokit-standby-refresher */ = {
			isa = PBXGroup;
			children = (
				A0B0E47D28A88F4F00C36CD8 /* rokit_standby_refresherApp.swift */,
				A0B0E47F28A88F4F00C36CD8 /* ContentView.swift */,
				A0B0E48128A88F5100C36CD8 /* Assets.xcassets */,
				A0B0E48628A88F5100C36CD8 /* rokit_standby_refresher.entitlements */,
				A0B0E48328A88F5100C36CD8 /* Preview Content */,
			);
			path = "rokit-standby-refresher";
			sourceTree = "<group>";
		};
		A0B0E48328A88F5100C36CD8 /* Preview Content */ = {
			isa = PBXGroup;
			children = (
				A0B0E48428A88F5100C36CD8 /* Preview Assets.xcassets */,
			);
			path = "Preview Content";
			sourceTree = "<group>";
		};
/* End PBXGroup section */

/* Begin PBXNativeTarget section */
		A0B0E47928A88F4F00C36CD8 /* rokit-standby-refresher */ = {
			isa = PBXNativeTarget;
			buildConfigurationList = A0B0E49F28A88F5100C36CD8 /* Build configuration list for PBXNativeTarget "rokit-standby-refresher" */;
			buildPhases = (
				A0B0E47628A88F4F00C36CD8 /* Sources */,
				A0B0E47728A88F4F00C36CD8 /* Frameworks */,
				A0B0E47828A88F4F00C36CD8 /* Resources */,
			);
			buildRules = (
			);
			dependencies = (
			);
			name = "rokit-standby-refresher";
			productName = "rokit-standby-refresher";
			productReference = A0B0E47A28A88F4F00C36CD8 /* rokit-standby-refresher.app */;
			productType = "com.apple.product-type.application";
		};
		A0B0E48A28A88F5100C36CD8 /* rokit-standby-refresherTests */ = {
			isa = PBXNativeTarget;
			buildConfigurationList = A0B0E4A228A88F5100C36CD8 /* Build configuration list for PBXNativeTarget "rokit-standby-refresherTests" */;
			buildPhases = (
				A0B0E48728A88F5100C36CD8 /* Sources */,
				A0B0E48828A88F5100C36CD8 /* Frameworks */,
				A0B0E48928A88F5100C36CD8 /* Resources */,
			);
			buildRules = (
			);
			dependencies = (
				A0B0E48D28A88F5100C36CD8 /* PBXTargetDependency */,
			);
			name = "rokit-standby-refresherTests";
			productName = "rokit-standby-refresherTests";
			productReference = A0B0E48B28A88F5100C36CD8 /* rokit-standby-refresherTests.xctest */;
			productType = "com.apple.product-type.bundle.unit-test";
		};
		A0B0E49428A88F5100C36CD8 /* rokit-standby-refresherUITests */ = {
			isa = PBXNativeTarget;
			buildConfigurationList = A0B0E4A528A88F5100C36CD8 /* Build configuration list for PBXNativeTarget "rokit-standby-refresherUITests" */;
			buildPhases = (
				A0B0E49128A88F5100C36CD8 /* Sources */,
				A0B0E49228A88F5100C36CD8 /* Frameworks */,
				A0B0E49328A88F5100C36CD8 /* Resources */,
			);
			buildRules = (
			);
			dependencies = (
				A0B0E49728A88F5100C36CD8 /* PBXTargetDependency */,
			);
			name = "rokit-standby-refresherUITests";
			productName = "rokit-standby-refresherUITests";
			productReference = A0B0E49528A88F5100C36CD8 /* rokit-standby-refresherUITests.xctest */;
			productType = "com.apple.product-type.bundle.ui-testing";
		};
/* End PBXNativeTarget section */

/* Begin PBXProject section */
		A0B0E47228A88F4F00C36CD8 /* Project object */ = {
			isa = PBXProject;
			attributes = {
				BuildIndependentTargetsInParallel = 1;
				LastSwiftUpdateCheck = 1340;
				LastUpgradeCheck = 1340;
				TargetAttributes = {
					A0B0E47928A88F4F00C36CD8 = {
						CreatedOnToolsVersion = 13.4.1;
					};
					A0B0E48A28A88F5100C36CD8 = {
						CreatedOnToolsVersion = 13.4.1;
						TestTargetID = A0B0E47928A88F4F00C36CD8;
					};
					A0B0E49428A88F5100C36CD8 = {
						CreatedOnToolsVersion = 13.4.1;
						TestTargetID = A0B0E47928A88F4F00C36CD8;
					};
				};
			};
			buildConfigurationList = A0B0E47528A88F4F00C36CD8 /* Build configuration list for PBXProject "rokit-standby-refresher" */;
			compatibilityVersion = "Xcode 13.0";
			developmentRegion = en;
			hasScannedForEncodings = 0;
			knownRegions = (
				en,
				Base,
			);
			mainGroup = A0B0E47128A88F4F00C36CD8;
			productRefGroup = A0B0E47B28A88F4F00C36CD8 /* Products */;
			projectDirPath = "";
			projectRoot = "";
			targets = (
				A0B0E47928A88F4F00C36CD8 /* rokit-standby-refresher */,
				A0B0E48A28A88F5100C36CD8 /* rokit-standby-refresherTests */,
				A0B0E49428A88F5100C36CD8 /* rokit-standby-refresherUITests */,
			);
		};
/* End PBXProject section */

/* Begin PBXResourcesBuildPhase section */
		A0B0E47828A88F4F00C36CD8 /* Resources */ = {
			isa = PBXResourcesBuildPhase;
			buildActionMask = 2147483647;
			files = (
				A0B0E48528A88F5100C36CD8 /* Preview Assets.xcassets in Resources */,
				A0B0E48228A88F5100C36CD8 /* Assets.xcassets in Resources */,
			);
			runOnlyForDeploymentPostprocessing = 0;
		};
		A0B0E48928A88F5100C36CD8 /* Resources */ = {
			isa = PBXResourcesBuildPhase;
			buildActionMask = 2147483647;
			files = (
			);
			runOnlyForDeploymentPostprocessing = 0;
		};
		A0B0E49328A88F5100C36CD8 /* Resources */ = {
			isa = PBXResourcesBuildPhase;
			buildActionMask = 2147483647;
			files = (
			);
			runOnlyForDeploymentPostprocessing = 0;
		};
/* End PBXResourcesBuildPhase section */

/* Begin PBXSourcesBuildPhase section */
		A0B0E47628A88F4F00C36CD8 /* Sources */ = {
			isa = PBXSourcesBuildPhase;
			buildActionMask = 2147483647;
			files = (
				A0B0E48028A88F4F00C36CD8 /* ContentView.swift in Sources */,
				A0B0E47E28A88F4F00C36CD8 /* rokit_standby_refresherApp.swift in Sources */,
			);
			runOnlyForDeploymentPostprocessing = 0;
		};
		A0B0E48728A88F5100C36CD8 /* Sources */ = {
			isa = PBXSourcesBuildPhase;
			buildActionMask = 2147483647;
			files = (
			);
			runOnlyForDeploymentPostprocessing = 0;
		};
		A0B0E49128A88F5100C36CD8 /* Sources */ = {
			isa = PBXSourcesBuildPhase;
			buildActionMask = 2147483647;
			files = (
			);
			runOnlyForDeploymentPostprocessing = 0;
		};
/* End PBXSourcesBuildPhase section */

/* Begin PBXTargetDependency section */
		A0B0E48D28A88F5100C36CD8 /* PBXTargetDependency */ = {
			isa = PBXTargetDependency;
			target = A0B0E47928A88F4F00C36CD8 /* rokit-standby-refresher */;
			targetProxy = A0B0E48C28A88F5100C36CD8 /* PBXContainerItemProxy */;
		};
		A0B0E49728A88F5100C36CD8 /* PBXTargetDependency */ = {
			isa = PBXTargetDependency;
			target = A0B0E47928A88F4F00C36CD8 /* rokit-standby-refresher */;
			targetProxy = A0B0E49628A88F5100C36CD8 /* PBXContainerItemProxy */;
		};
/* End PBXTargetDependency section */

/* Begin XCBuildConfiguration section */
		A0B0E49D28A88F5100C36CD8 /* Debug */ = {
			isa = XCBuildConfiguration;
			buildSettings = {
				ALWAYS_SEARCH_USER_PATHS = NO;
				CLANG_ANALYZER_NONNULL = YES;
				CLANG_ANALYZER_NUMBER_OBJECT_CONVERSION = YES_AGGRESSIVE;
				CLANG_CXX_LANGUAGE_STANDARD = "gnu++17";
				CLANG_ENABLE_MODULES = YES;
				CLANG_ENABLE_OBJC_ARC = YES;
				CLANG_ENABLE_OBJC_WEAK = YES;
				CLANG_WARN_BLOCK_CAPTURE_AUTORELEASING = YES;
				CLANG_WARN_BOOL_CONVERSION = YES;
				CLANG_WARN_COMMA = YES;
				CLANG_WARN_CONSTANT_CONVERSION = YES;
				CLANG_WARN_DEPRECATED_OBJC_IMPLEMENTATIONS = YES;
				CLANG_WARN_DIRECT_OBJC_ISA_USAGE = YES_ERROR;
				CLANG_WARN_DOCUMENTATION_COMMENTS = YES;
				CLANG_WARN_EMPTY_BODY = YES;
				CLANG_WARN_ENUM_CONVERSION = YES;
				CLANG_WARN_INFINITE_RECURSION = YES;
				CLANG_WARN_INT_CONVERSION = YES;
				CLANG_WARN_NON_LITERAL_NULL_CONVERSION = YES;
				CLANG_WARN_OBJC_IMPLICIT_RETAIN_SELF = YES;
				CLANG_WARN_OBJC_LITERAL_CONVERSION = YES;
				CLANG_WARN_OBJC_ROOT_CLASS = YES_ERROR;
				CLANG_WARN_QUOTED_INCLUDE_IN_FRAMEWORK_HEADER = YES;
				CLANG_WARN_RANGE_LOOP_ANALYSIS = YES;
				CLANG_WARN_STRICT_PROTOTYPES = YES;
				CLANG_WARN_SUSPICIOUS_MOVE = YES;
				CLANG_WARN_UNGUARDED_AVAILABILITY = YES_AGGRESSIVE;
				CLANG_WARN_UNREACHABLE_CODE = YES;
				CLANG_WARN__DUPLICATE_METHOD_MATCH = YES;
				COPY_PHASE_STRIP = NO;
				DEBUG_INFORMATION_FORMAT = dwarf;
				ENABLE_STRICT_OBJC_MSGSEND = YES;
				ENABLE_TESTABILITY = YES;
				GCC_C_LANGUAGE_STANDARD = gnu11;
				GCC_DYNAMIC_NO_PIC = NO;
				GCC_NO_COMMON_BLOCKS = YES;
				GCC_OPTIMIZATION_LEVEL = 0;
				GCC_PREPROCESSOR_DEFINITIONS = (
					"DEBUG=1",
					"$(inherited)",
				);
				GCC_WARN_64_TO_32_BIT_CONVERSION = YES;
				GCC_WARN_ABOUT_RETURN_TYPE = YES_ERROR;
				GCC_WARN_UNDECLARED_SELECTOR = YES;
				GCC_WARN_UNINITIALIZED_AUTOS = YES_AGGRESSIVE;
				GCC_WARN_UNUSED_FUNCTION = YES;
				GCC_WARN_UNUSED_VARIABLE = YES;
				MACOSX_DEPLOYMENT_TARGET = 12.3;
				MTL_ENABLE_DEBUG_INFO = INCLUDE_SOURCE;
				MTL_FAST_MATH = YES;
				ONLY_ACTIVE_ARCH = YES;
				SDKROOT = macosx;
				SWIFT_ACTIVE_COMPILATION_CONDITIONS = DEBUG;
				SWIFT_OPTIMIZATION_LEVEL = "-Onone";
			};
			name = Debug;
		};
		A0B0E49E28A88F5100C36CD8 /* Release */ = {
			isa = XCBuildConfiguration;
			buildSettings = {
				ALWAYS_SEARCH_USER_PATHS = NO;
				CLANG_ANALYZER_NONNULL = YES;
				CLANG_ANALYZER_NUMBER_OBJECT_CONVERSION = YES_AGGRESSIVE;
				CLANG_CXX_LANGUAGE_STANDARD = "gnu++17";
				CLANG_ENABLE_MODULES = YES;
				CLANG_ENABLE_OBJC_ARC = YES;
				CLANG_ENABLE_OBJC_WEAK = YES;
				CLANG_WARN_BLOCK_CAPTURE_AUTORELEASING = YES;
				CLANG_WARN_BOOL_CONVERSION = YES;
				CLANG_WARN_COMMA = YES;
				CLANG_WARN_CONSTANT_CONVERSION = YES;
				CLANG_WARN_DEPRECATED_OBJC_IMPLEMENTATIONS = YES;
				CLANG_WARN_DIRECT_OBJC_ISA_USAGE = YES_ERROR;
				CLANG_WARN_DOCUMENTATION_COMMENTS = YES;
				CLANG_WARN_EMPTY_BODY = YES;
				CLANG_WARN_ENUM_CONVERSION = YES;
				CLANG_WARN_INFINITE_RECURSION = YES;
				CLANG_WARN_INT_CONVERSION = YES;
				CLANG_WARN_NON_LITERAL_NULL_CONVERSION = YES;
				CLANG_WARN_OBJC_IMPLICIT_RETAIN_SELF = YES;
				CLANG_WARN_OBJC_LITERAL_CONVERSION = YES;
				CLANG_WARN_OBJC_ROOT_CLASS = YES_ERROR;
				CLANG_WARN_QUOTED_INCLUDE_IN_FRAMEWORK_HEADER = YES;
				CLANG_WARN_RANGE_LOOP_ANALYSIS = YES;
				CLANG_WARN_STRICT_PROTOTYPES = YES;
				CLANG_WARN_SUSPICIOUS_MOVE = YES;
				CLANG_WARN_UNGUARDED_AVAILABILITY = YES_AGGRESSIVE;
				CLANG_WARN_UNREACHABLE_CODE = YES;
				CLANG_WARN__DUPLICATE_METHOD_MATCH = YES;
				COPY_PHASE_STRIP = NO;
				DEBUG_INFORMATION_FORMAT = "dwarf-with-dsym";
				ENABLE_NS_ASSERTIONS = NO;
				ENABLE_STRICT_OBJC_MSGSEND = YES;
				GCC_C_LANGUAGE_STANDARD = gnu11;
				GCC_NO_COMMON_BLOCKS = YES;
				GCC_WARN_64_TO_32_BIT_CONVERSION = YES;
				GCC_WARN_ABOUT_RETURN_TYPE = YES_ERROR;
				GCC_WARN_UNDECLARED_SELECTOR = YES;
				GCC_WARN_UNINITIALIZED_AUTOS = YES_AGGRESSIVE;
				GCC_WARN_UNUSED_FUNCTION = YES;
				GCC_WARN_UNUSED_VARIABLE = YES;
				MACOSX_DEPLOYMENT_TARGET = 12.3;
				MTL_ENABLE_DEBUG_INFO = NO;
				MTL_FAST_MATH = YES;
				SDKROOT = macosx;
				SWIFT_COMPILATION_MODE = wholemodule;
				SWIFT_OPTIMIZATION_LEVEL = "-O";
			};
			name = Release;
		};
		A0B0E4A028A88F5100C36CD8 /* Debug */ = {
			isa = XCBuildConfiguration;
			buildSettings = {
				ASSETCATALOG_COMPILER_APPICON_NAME = AppIcon;
				ASSETCATALOG_COMPILER_GLOBAL_ACCENT_COLOR_NAME = AccentColor;
				CODE_SIGN_ENTITLEMENTS = "rokit-standby-refresher/rokit_standby_refresher.entitlements";
				CODE_SIGN_STYLE = Automatic;
				COMBINE_HIDPI_IMAGES = YES;
				CURRENT_PROJECT_VERSION = 1;
				DEVELOPMENT_ASSET_PATHS = "\"rokit-standby-refresher/Preview Content\"";
				DEVELOPMENT_TEAM = 3Z96FFWG8X;
				ENABLE_HARDENED_RUNTIME = YES;
				ENABLE_PREVIEWS = YES;
				GENERATE_INFOPLIST_FILE = YES;
				INFOPLIST_KEY_NSHumanReadableCopyright = "";
				LD_RUNPATH_SEARCH_PATHS = (
					"$(inherited)",
					"@executable_path/../Frameworks",
				);
				MARKETING_VERSION = 1.0;
				PRODUCT_BUNDLE_IDENTIFIER = "loui.rokit-standby-refresher";
				PRODUCT_NAME = "$(TARGET_NAME)";
				SWIFT_EMIT_LOC_STRINGS = YES;
				SWIFT_VERSION = 5.0;
			};
			name = Debug;
		};
		A0B0E4A128A88F5100C36CD8 /* Release */ = {
			isa = XCBuildConfiguration;
			buildSettings = {
				ASSETCATALOG_COMPILER_APPICON_NAME = AppIcon;
				ASSETCATALOG_COMPILER_GLOBAL_ACCENT_COLOR_NAME = AccentColor;
				CODE_SIGN_ENTITLEMENTS = "rokit-standby-refresher/rokit_standby_refresher.entitlements";
				CODE_SIGN_STYLE = Automatic;
				COMBINE_HIDPI_IMAGES = YES;
				CURRENT_PROJECT_VERSION = 1;
				DEVELOPMENT_ASSET_PATHS = "\"rokit-standby-refresher/Preview Content\"";
				DEVELOPMENT_TEAM = 3Z96FFWG8X;
				ENABLE_HARDENED_RUNTIME = YES;
				ENABLE_PREVIEWS = YES;
				GENERATE_INFOPLIST_FILE = YES;
				INFOPLIST_KEY_NSHumanReadableCopyright = "";
				LD_RUNPATH_SEARCH_PATHS = (
					"$(inherited)",
					"@executable_path/../Frameworks",
				);
				MARKETING_VERSION = 1.0;
				PRODUCT_BUNDLE_IDENTIFIER = "loui.rokit-standby-refresher";
				PRODUCT_NAME = "$(TARGET_NAME)";
				SWIFT_EMIT_LOC_STRINGS = YES;
				SWIFT_VERSION = 5.0;
			};
			name = Release;
		};
		A0B0E4A328A88F5100C36CD8 /* Debug */ = {
			isa = XCBuildConfiguration;
			buildSettings = {
				ALWAYS_EMBED_SWIFT_STANDARD_LIBRARIES = YES;
				BUNDLE_LOADER = "$(TEST_HOST)";
				CODE_SIGN_STYLE = Automatic;
				CURRENT_PROJECT_VERSION = 1;
				DEVELOPMENT_TEAM = 3Z96FFWG8X;
				GENERATE_INFOPLIST_FILE = YES;
				MACOSX_DEPLOYMENT_TARGET = 12.3;
				MARKETING_VERSION = 1.0;
				PRODUCT_BUNDLE_IDENTIFIER = "loui.rokit-standby-refresherTests";
				PRODUCT_NAME = "$(TARGET_NAME)";
				SWIFT_EMIT_LOC_STRINGS = NO;
				SWIFT_VERSION = 5.0;
				TEST_HOST = "$(BUILT_PRODUCTS_DIR)/rokit-standby-refresher.app/Contents/MacOS/rokit-standby-refresher";
			};
			name = Debug;
		};
		A0B0E4A428A88F5100C36CD8 /* Release */ = {
			isa = XCBuildConfiguration;
			buildSettings = {
				ALWAYS_EMBED_SWIFT_STANDARD_LIBRARIES = YES;
				BUNDLE_LOADER = "$(TEST_HOST)";
				CODE_SIGN_STYLE = Automatic;
				CURRENT_PROJECT_VERSION = 1;
				DEVELOPMENT_TEAM = 3Z96FFWG8X;
				GENERATE_INFOPLIST_FILE = YES;
				MACOSX_DEPLOYMENT_TARGET = 12.3;
				MARKETING_VERSION = 1.0;
				PRODUCT_BUNDLE_IDENTIFIER = "loui.rokit-standby-refresherTests";
				PRODUCT_NAME = "$(TARGET_NAME)";
				SWIFT_EMIT_LOC_STRINGS = NO;
				SWIFT_VERSION = 5.0;
				TEST_HOST = "$(BUILT_PRODUCTS_DIR)/rokit-standby-refresher.app/Contents/MacOS/rokit-standby-refresher";
			};
			name = Release;
		};
		A0B0E4A628A88F5100C36CD8 /* Debug */ = {
			isa = XCBuildConfiguration;
			buildSettings = {
				ALWAYS_EMBED_SWIFT_STANDARD_LIBRARIES = YES;
				CODE_SIGN_STYLE = Automatic;
				CURRENT_PROJECT_VERSION = 1;
				DEVELOPMENT_TEAM = 3Z96FFWG8X;
				GENERATE_INFOPLIST_FILE = YES;
				MARKETING_VERSION = 1.0;
				PRODUCT_BUNDLE_IDENTIFIER = "loui.rokit-standby-refresherUITests";
				PRODUCT_NAME = "$(TARGET_NAME)";
				SWIFT_EMIT_LOC_STRINGS = NO;
				SWIFT_VERSION = 5.0;
				TEST_TARGET_NAME = "rokit-standby-refresher";
			};
			name = Debug;
		};
		A0B0E4A728A88F5100C36CD8 /* Release */ = {
			isa = XCBuildConfiguration;
			buildSettings = {
				ALWAYS_EMBED_SWIFT_STANDARD_LIBRARIES = YES;
				CODE_SIGN_STYLE = Automatic;
				CURRENT_PROJECT_VERSION = 1;
				DEVELOPMENT_TEAM = 3Z96FFWG8X;
				GENERATE_INFOPLIST_FILE = YES;
				MARKETING_VERSION = 1.0;
				PRODUCT_BUNDLE_IDENTIFIER = "loui.rokit-standby-refresherUITests";
				PRODUCT_NAME = "$(TARGET_NAME)";
				SWIFT_EMIT_LOC_STRINGS = NO;
				SWIFT_VERSION = 5.0;
				TEST_TARGET_NAME = "rokit-standby-refresher";
			};
			name = Release;
		};
/* End XCBuildConfiguration section */

/* Begin XCConfigurationList section */
		A0B0E47528A88F4F00C36CD8 /* Build configuration list for PBXProject "rokit-standby-refresher" */ = {
			isa = XCConfigurationList;
			buildConfigurations = (
				A0B0E49D28A88F5100C36CD8 /* Debug */,
				A0B0E49E28A88F5100C36CD8 /* Release */,
			);
			defaultConfigurationIsVisible = 0;
			defaultConfigurationName = Release;
		};
		A0B0E49F28A88F5100C36CD8 /* Build configuration list for PBXNativeTarget "rokit-standby-refresher" */ = {
			isa = XCConfigurationList;
			buildConfigurations = (
				A0B0E4A028A88F5100C36CD8 /* Debug */,
				A0B0E4A128A88F5100C36CD8 /* Release */,
			);
			defaultConfigurationIsVisible = 0;
			defaultConfigurationName = Release;
		};
		A0B0E4A228A88F5100C36CD8 /* Build configuration list for PBXNativeTarget "rokit-standby-refresherTests" */ = {
			isa = XCConfigurationList;
			buildConfigurations = (
				A0B0E4A328A88F5100C36CD8 /* Debug */,
				A0B0E4A428A88F5100C36CD8 /* Release */,
			);
			defaultConfigurationIsVisible = 0;
			defaultConfigurationName = Release;
		};
		A0B0E4A528A88F5100C36CD8 /* Build configuration list for PBXNativeTarget "rokit-standby-refresherUITests" */ = {
			isa = XCConfigurationList;
			buildConfigurations = (
				A0B0E4A628A88F5100C36CD8 /* Debug */,
				A0B0E4A728A88F5100C36CD8 /* Release */,
			);
			defaultConfigurationIsVisible = 0;
			defaultConfigurationName = Release;
		};
/* End XCConfigurationList section */
	};
	rootObject = A0B0E47228A88F4F00C36CD8 /* Project object */;
}
